// !$*UTF8*$!
{
	archiveVersion = 1;
	classes = {
	};
	objectVersion = 46;
	objects = {

/* Begin PBXBuildFile section */
		33ACDACD1DB8C2A900363F26 /* Constants.swift in Sources */ = {isa = PBXBuildFile; fileRef = 33ACDACC1DB8C2A900363F26 /* Constants.swift */; };
		33ACDACF1DB9FE6800363F26 /* PlaceDetailsViewController.swift in Sources */ = {isa = PBXBuildFile; fileRef = 33ACDACE1DB9FE6800363F26 /* PlaceDetailsViewController.swift */; };
		33ACDAD21DBA09F800363F26 /* MapKit.framework in Frameworks */ = {isa = PBXBuildFile; fileRef = 33ACDAD11DBA09F800363F26 /* MapKit.framework */; };
		33ACDAD41DBA0ECD00363F26 /* PlaceAnnotation.swift in Sources */ = {isa = PBXBuildFile; fileRef = 33ACDAD31DBA0ECD00363F26 /* PlaceAnnotation.swift */; };
		33ACDADC1DBA406D00363F26 /* Demo_UITests.swift in Sources */ = {isa = PBXBuildFile; fileRef = 33ACDADB1DBA406D00363F26 /* Demo_UITests.swift */; };
		33ACDAE41DBA411100363F26 /* DirectoryTests.swift in Sources */ = {isa = PBXBuildFile; fileRef = 33ACDAE31DBA411100363F26 /* DirectoryTests.swift */; };
		33ACDAEC1DBA459A00363F26 /* Demo_UIUITests.swift in Sources */ = {isa = PBXBuildFile; fileRef = 33ACDAEB1DBA459A00363F26 /* Demo_UIUITests.swift */; };
		33ACDB161DBA49F700363F26 /* Model.xcdatamodeld in Sources */ = {isa = PBXBuildFile; fileRef = 33ACDB141DBA49F700363F26 /* Model.xcdatamodeld */; };
		33ACDB1B1DBA4BFC00363F26 /* CDCity+CoreDataClass.swift in Sources */ = {isa = PBXBuildFile; fileRef = 33ACDB171DBA4BFC00363F26 /* CDCity+CoreDataClass.swift */; };
		33ACDB1C1DBA4BFC00363F26 /* CDCity+CoreDataProperties.swift in Sources */ = {isa = PBXBuildFile; fileRef = 33ACDB181DBA4BFC00363F26 /* CDCity+CoreDataProperties.swift */; };
		33ACDB1D1DBA4BFC00363F26 /* CDPlace+CoreDataClass.swift in Sources */ = {isa = PBXBuildFile; fileRef = 33ACDB191DBA4BFC00363F26 /* CDPlace+CoreDataClass.swift */; };
		33ACDB1E1DBA4BFC00363F26 /* CDPlace+CoreDataProperties.swift in Sources */ = {isa = PBXBuildFile; fileRef = 33ACDB1A1DBA4BFC00363F26 /* CDPlace+CoreDataProperties.swift */; };
		33ACDB201DBA4CCF00363F26 /* CoreDataStack.swift in Sources */ = {isa = PBXBuildFile; fileRef = 33ACDB1F1DBA4CCF00363F26 /* CoreDataStack.swift */; };
		33DFEBB71DB7A98B00276650 /* Extensions.swift in Sources */ = {isa = PBXBuildFile; fileRef = 33DFEBB61DB7A98B00276650 /* Extensions.swift */; };
		33DFEBB91DB7B0E700276650 /* PlaceTableViewController.swift in Sources */ = {isa = PBXBuildFile; fileRef = 33DFEBB81DB7B0E700276650 /* PlaceTableViewController.swift */; };
		33FEC2A31DB62C4300273EA7 /* AppDelegate.swift in Sources */ = {isa = PBXBuildFile; fileRef = 33FEC2A21DB62C4300273EA7 /* AppDelegate.swift */; };
		33FEC2A51DB62C4300273EA7 /* ViewController.swift in Sources */ = {isa = PBXBuildFile; fileRef = 33FEC2A41DB62C4300273EA7 /* ViewController.swift */; };
		33FEC2A81DB62C4300273EA7 /* Main.storyboard in Resources */ = {isa = PBXBuildFile; fileRef = 33FEC2A61DB62C4300273EA7 /* Main.storyboard */; };
		33FEC2AA1DB62C4300273EA7 /* Assets.xcassets in Resources */ = {isa = PBXBuildFile; fileRef = 33FEC2A91DB62C4300273EA7 /* Assets.xcassets */; };
		33FEC2AD1DB62C4300273EA7 /* LaunchScreen.storyboard in Resources */ = {isa = PBXBuildFile; fileRef = 33FEC2AB1DB62C4300273EA7 /* LaunchScreen.storyboard */; };
		33FEC2B51DB65FB200273EA7 /* Place.swift in Sources */ = {isa = PBXBuildFile; fileRef = 33FEC2B41DB65FB200273EA7 /* Place.swift */; };
		33FEC2BA1DB6628900273EA7 /* Directory.swift in Sources */ = {isa = PBXBuildFile; fileRef = 33FEC2B91DB6628900273EA7 /* Directory.swift */; };
/* End PBXBuildFile section */

/* Begin PBXContainerItemProxy section */
		33ACDADE1DBA406D00363F26 /* PBXContainerItemProxy */ = {
			isa = PBXContainerItemProxy;
			containerPortal = 33FEC2971DB62C4200273EA7 /* Project object */;
			proxyType = 1;
			remoteGlobalIDString = 33FEC29E1DB62C4200273EA7;
			remoteInfo = "Demo UI";
		};
		33ACDAEE1DBA459A00363F26 /* PBXContainerItemProxy */ = {
			isa = PBXContainerItemProxy;
			containerPortal = 33FEC2971DB62C4200273EA7 /* Project object */;
			proxyType = 1;
			remoteGlobalIDString = 33FEC29E1DB62C4200273EA7;
			remoteInfo = "Demo UI";
		};
/* End PBXContainerItemProxy section */

/* Begin PBXFileReference section */
		33ACDACC1DB8C2A900363F26 /* Constants.swift */ = {isa = PBXFileReference; fileEncoding = 4; lastKnownFileType = sourcecode.swift; path = Constants.swift; sourceTree = "<group>"; };
		33ACDACE1DB9FE6800363F26 /* PlaceDetailsViewController.swift */ = {isa = PBXFileReference; fileEncoding = 4; lastKnownFileType = sourcecode.swift; path = PlaceDetailsViewController.swift; sourceTree = "<group>"; };
		33ACDAD11DBA09F800363F26 /* MapKit.framework */ = {isa = PBXFileReference; lastKnownFileType = wrapper.framework; name = MapKit.framework; path = System/Library/Frameworks/MapKit.framework; sourceTree = SDKROOT; };
		33ACDAD31DBA0ECD00363F26 /* PlaceAnnotation.swift */ = {isa = PBXFileReference; fileEncoding = 4; lastKnownFileType = sourcecode.swift; path = PlaceAnnotation.swift; sourceTree = "<group>"; };
		33ACDAD91DBA406C00363F26 /* Demo UITests.xctest */ = {isa = PBXFileReference; explicitFileType = wrapper.cfbundle; includeInIndex = 0; path = "Demo UITests.xctest"; sourceTree = BUILT_PRODUCTS_DIR; };
		33ACDADB1DBA406D00363F26 /* Demo_UITests.swift */ = {isa = PBXFileReference; lastKnownFileType = sourcecode.swift; path = Demo_UITests.swift; sourceTree = "<group>"; };
		33ACDADD1DBA406D00363F26 /* Info.plist */ = {isa = PBXFileReference; lastKnownFileType = text.plist.xml; path = Info.plist; sourceTree = "<group>"; };
		33ACDAE31DBA411100363F26 /* DirectoryTests.swift */ = {isa = PBXFileReference; fileEncoding = 4; lastKnownFileType = sourcecode.swift; path = DirectoryTests.swift; sourceTree = "<group>"; };
		33ACDAE91DBA459A00363F26 /* Demo UIUITests.xctest */ = {isa = PBXFileReference; explicitFileType = wrapper.cfbundle; includeInIndex = 0; path = "Demo UIUITests.xctest"; sourceTree = BUILT_PRODUCTS_DIR; };
		33ACDAEB1DBA459A00363F26 /* Demo_UIUITests.swift */ = {isa = PBXFileReference; lastKnownFileType = sourcecode.swift; path = Demo_UIUITests.swift; sourceTree = "<group>"; };
		33ACDAED1DBA459A00363F26 /* Info.plist */ = {isa = PBXFileReference; lastKnownFileType = text.plist.xml; path = Info.plist; sourceTree = "<group>"; };
		33ACDB151DBA49F700363F26 /* Model.xcdatamodel */ = {isa = PBXFileReference; lastKnownFileType = wrapper.xcdatamodel; path = Model.xcdatamodel; sourceTree = "<group>"; };
		33ACDB171DBA4BFC00363F26 /* CDCity+CoreDataClass.swift */ = {isa = PBXFileReference; fileEncoding = 4; lastKnownFileType = sourcecode.swift; path = "CDCity+CoreDataClass.swift"; sourceTree = "<group>"; };
		33ACDB181DBA4BFC00363F26 /* CDCity+CoreDataProperties.swift */ = {isa = PBXFileReference; fileEncoding = 4; lastKnownFileType = sourcecode.swift; path = "CDCity+CoreDataProperties.swift"; sourceTree = "<group>"; };
		33ACDB191DBA4BFC00363F26 /* CDPlace+CoreDataClass.swift */ = {isa = PBXFileReference; fileEncoding = 4; lastKnownFileType = sourcecode.swift; path = "CDPlace+CoreDataClass.swift"; sourceTree = "<group>"; };
		33ACDB1A1DBA4BFC00363F26 /* CDPlace+CoreDataProperties.swift */ = {isa = PBXFileReference; fileEncoding = 4; lastKnownFileType = sourcecode.swift; path = "CDPlace+CoreDataProperties.swift"; sourceTree = "<group>"; };
		33ACDB1F1DBA4CCF00363F26 /* CoreDataStack.swift */ = {isa = PBXFileReference; fileEncoding = 4; lastKnownFileType = sourcecode.swift; path = CoreDataStack.swift; sourceTree = "<group>"; };
		33DFEBB61DB7A98B00276650 /* Extensions.swift */ = {isa = PBXFileReference; fileEncoding = 4; lastKnownFileType = sourcecode.swift; path = Extensions.swift; sourceTree = "<group>"; };
		33DFEBB81DB7B0E700276650 /* PlaceTableViewController.swift */ = {isa = PBXFileReference; fileEncoding = 4; lastKnownFileType = sourcecode.swift; path = PlaceTableViewController.swift; sourceTree = "<group>"; };
		33FEC29F1DB62C4300273EA7 /* Demo UI.app */ = {isa = PBXFileReference; explicitFileType = wrapper.application; includeInIndex = 0; path = "Demo UI.app"; sourceTree = BUILT_PRODUCTS_DIR; };
		33FEC2A21DB62C4300273EA7 /* AppDelegate.swift */ = {isa = PBXFileReference; lastKnownFileType = sourcecode.swift; path = AppDelegate.swift; sourceTree = "<group>"; };
		33FEC2A41DB62C4300273EA7 /* ViewController.swift */ = {isa = PBXFileReference; lastKnownFileType = sourcecode.swift; path = ViewController.swift; sourceTree = "<group>"; };
		33FEC2A71DB62C4300273EA7 /* Base */ = {isa = PBXFileReference; lastKnownFileType = file.storyboard; name = Base; path = Base.lproj/Main.storyboard; sourceTree = "<group>"; };
		33FEC2A91DB62C4300273EA7 /* Assets.xcassets */ = {isa = PBXFileReference; lastKnownFileType = folder.assetcatalog; path = Assets.xcassets; sourceTree = "<group>"; };
		33FEC2AC1DB62C4300273EA7 /* Base */ = {isa = PBXFileReference; lastKnownFileType = file.storyboard; name = Base; path = Base.lproj/LaunchScreen.storyboard; sourceTree = "<group>"; };
		33FEC2AE1DB62C4300273EA7 /* Info.plist */ = {isa = PBXFileReference; lastKnownFileType = text.plist.xml; path = Info.plist; sourceTree = "<group>"; };
		33FEC2B41DB65FB200273EA7 /* Place.swift */ = {isa = PBXFileReference; fileEncoding = 4; lastKnownFileType = sourcecode.swift; path = Place.swift; sourceTree = "<group>"; };
		33FEC2B91DB6628900273EA7 /* Directory.swift */ = {isa = PBXFileReference; fileEncoding = 4; lastKnownFileType = sourcecode.swift; path = Directory.swift; sourceTree = "<group>"; };
/* End PBXFileReference section */

/* Begin PBXFrameworksBuildPhase section */
		33ACDAD61DBA406C00363F26 /* Frameworks */ = {
			isa = PBXFrameworksBuildPhase;
			buildActionMask = 2147483647;
			files = (
			);
			runOnlyForDeploymentPostprocessing = 0;
		};
		33ACDAE61DBA459A00363F26 /* Frameworks */ = {
			isa = PBXFrameworksBuildPhase;
			buildActionMask = 2147483647;
			files = (
			);
			runOnlyForDeploymentPostprocessing = 0;
		};
		33FEC29C1DB62C4200273EA7 /* Frameworks */ = {
			isa = PBXFrameworksBuildPhase;
			buildActionMask = 2147483647;
			files = (
				33ACDAD21DBA09F800363F26 /* MapKit.framework in Frameworks */,
			);
			runOnlyForDeploymentPostprocessing = 0;
		};
/* End PBXFrameworksBuildPhase section */

/* Begin PBXGroup section */
		33ACDAD01DBA09F800363F26 /* Frameworks */ = {
			isa = PBXGroup;
			children = (
				33ACDAD11DBA09F800363F26 /* MapKit.framework */,
			);
			name = Frameworks;
			sourceTree = "<group>";
		};
		33ACDADA1DBA406D00363F26 /* Demo UITests */ = {
			isa = PBXGroup;
			children = (
				33ACDADB1DBA406D00363F26 /* Demo_UITests.swift */,
				33ACDAE31DBA411100363F26 /* DirectoryTests.swift */,
				33ACDADD1DBA406D00363F26 /* Info.plist */,
			);
			path = "Demo UITests";
			sourceTree = "<group>";
		};
		33ACDAEA1DBA459A00363F26 /* Demo UIUITests */ = {
			isa = PBXGroup;
			children = (
				33ACDAEB1DBA459A00363F26 /* Demo_UIUITests.swift */,
				33ACDAED1DBA459A00363F26 /* Info.plist */,
			);
			path = "Demo UIUITests";
			sourceTree = "<group>";
		};
		33FEC2961DB62C4200273EA7 = {
			isa = PBXGroup;
			children = (
				33FEC2A11DB62C4300273EA7 /* Demo UI */,
				33ACDADA1DBA406D00363F26 /* Demo UITests */,
				33ACDAEA1DBA459A00363F26 /* Demo UIUITests */,
				33FEC2A01DB62C4300273EA7 /* Products */,
				33ACDAD01DBA09F800363F26 /* Frameworks */,
			);
			sourceTree = "<group>";
		};
		33FEC2A01DB62C4300273EA7 /* Products */ = {
			isa = PBXGroup;
			children = (
				33FEC29F1DB62C4300273EA7 /* Demo UI.app */,
				33ACDAD91DBA406C00363F26 /* Demo UITests.xctest */,
				33ACDAE91DBA459A00363F26 /* Demo UIUITests.xctest */,
			);
			name = Products;
			sourceTree = "<group>";
		};
		33FEC2A11DB62C4300273EA7 /* Demo UI */ = {
			isa = PBXGroup;
			children = (
				33FEC2A21DB62C4300273EA7 /* AppDelegate.swift */,
				33DFEBB61DB7A98B00276650 /* Extensions.swift */,
				33ACDACC1DB8C2A900363F26 /* Constants.swift */,
				33FEC2B71DB65FDA00273EA7 /* ViewControllers */,
				33FEC2B61DB65FCD00273EA7 /* Models */,
				33FEC2B81DB6608500273EA7 /* Storyboards */,
				33FEC2A91DB62C4300273EA7 /* Assets.xcassets */,
				33FEC2AE1DB62C4300273EA7 /* Info.plist */,
			);
			path = "Demo UI";
			sourceTree = "<group>";
		};
		33FEC2B61DB65FCD00273EA7 /* Models */ = {
			isa = PBXGroup;
			children = (
				33ACDB171DBA4BFC00363F26 /* CDCity+CoreDataClass.swift */,
				33ACDB181DBA4BFC00363F26 /* CDCity+CoreDataProperties.swift */,
				33ACDB191DBA4BFC00363F26 /* CDPlace+CoreDataClass.swift */,
				33ACDB1A1DBA4BFC00363F26 /* CDPlace+CoreDataProperties.swift */,
				33ACDB141DBA49F700363F26 /* Model.xcdatamodeld */,
				33FEC2B41DB65FB200273EA7 /* Place.swift */,
				33FEC2B91DB6628900273EA7 /* Directory.swift */,
				33ACDAD31DBA0ECD00363F26 /* PlaceAnnotation.swift */,
				33ACDB1F1DBA4CCF00363F26 /* CoreDataStack.swift */,
			);
			name = Models;
			sourceTree = "<group>";
		};
		33FEC2B71DB65FDA00273EA7 /* ViewControllers */ = {
			isa = PBXGroup;
			children = (
				33FEC2A41DB62C4300273EA7 /* ViewController.swift */,
				33DFEBB81DB7B0E700276650 /* PlaceTableViewController.swift */,
				33ACDACE1DB9FE6800363F26 /* PlaceDetailsViewController.swift */,
			);
			name = ViewControllers;
			sourceTree = "<group>";
		};
		33FEC2B81DB6608500273EA7 /* Storyboards */ = {
			isa = PBXGroup;
			children = (
				33FEC2A61DB62C4300273EA7 /* Main.storyboard */,
				33FEC2AB1DB62C4300273EA7 /* LaunchScreen.storyboard */,
			);
			name = Storyboards;
			sourceTree = "<group>";
		};
/* End PBXGroup section */

/* Begin PBXNativeTarget section */
		33ACDAD81DBA406C00363F26 /* Demo UITests */ = {
			isa = PBXNativeTarget;
			buildConfigurationList = 33ACDAE21DBA406D00363F26 /* Build configuration list for PBXNativeTarget "Demo UITests" */;
			buildPhases = (
				33ACDAD51DBA406C00363F26 /* Sources */,
				33ACDAD61DBA406C00363F26 /* Frameworks */,
				33ACDAD71DBA406C00363F26 /* Resources */,
			);
			buildRules = (
			);
			dependencies = (
				33ACDADF1DBA406D00363F26 /* PBXTargetDependency */,
			);
			name = "Demo UITests";
			productName = "Demo UITests";
			productReference = 33ACDAD91DBA406C00363F26 /* Demo UITests.xctest */;
			productType = "com.apple.product-type.bundle.unit-test";
		};
		33ACDAE81DBA459A00363F26 /* Demo UIUITests */ = {
			isa = PBXNativeTarget;
			buildConfigurationList = 33ACDAF01DBA459A00363F26 /* Build configuration list for PBXNativeTarget "Demo UIUITests" */;
			buildPhases = (
				33ACDAE51DBA459A00363F26 /* Sources */,
				33ACDAE61DBA459A00363F26 /* Frameworks */,
				33ACDAE71DBA459A00363F26 /* Resources */,
			);
			buildRules = (
			);
			dependencies = (
				33ACDAEF1DBA459A00363F26 /* PBXTargetDependency */,
			);
			name = "Demo UIUITests";
			productName = "Demo UIUITests";
			productReference = 33ACDAE91DBA459A00363F26 /* Demo UIUITests.xctest */;
			productType = "com.apple.product-type.bundle.ui-testing";
		};
		33FEC29E1DB62C4200273EA7 /* Demo UI */ = {
			isa = PBXNativeTarget;
			buildConfigurationList = 33FEC2B11DB62C4300273EA7 /* Build configuration list for PBXNativeTarget "Demo UI" */;
			buildPhases = (
				33FEC29B1DB62C4200273EA7 /* Sources */,
				33FEC29C1DB62C4200273EA7 /* Frameworks */,
				33FEC29D1DB62C4200273EA7 /* Resources */,
			);
			buildRules = (
			);
			dependencies = (
			);
			name = "Demo UI";
			productName = "Demo UI";
			productReference = 33FEC29F1DB62C4300273EA7 /* Demo UI.app */;
			productType = "com.apple.product-type.application";
		};
/* End PBXNativeTarget section */

/* Begin PBXProject section */
		33FEC2971DB62C4200273EA7 /* Project object */ = {
			isa = PBXProject;
			attributes = {
				LastSwiftUpdateCheck = 0800;
				LastUpgradeCheck = 0800;
				ORGANIZATIONNAME = "Tec-Tec";
				TargetAttributes = {
					33ACDAD81DBA406C00363F26 = {
						CreatedOnToolsVersion = 8.0;
						DevelopmentTeam = A7SGM6JEMA;
						ProvisioningStyle = Automatic;
						TestTargetID = 33FEC29E1DB62C4200273EA7;
					};
					33ACDAE81DBA459A00363F26 = {
						CreatedOnToolsVersion = 8.0;
						DevelopmentTeam = A7SGM6JEMA;
						ProvisioningStyle = Automatic;
						TestTargetID = 33FEC29E1DB62C4200273EA7;
					};
					33FEC29E1DB62C4200273EA7 = {
						CreatedOnToolsVersion = 8.0;
						DevelopmentTeam = A7SGM6JEMA;
						ProvisioningStyle = Automatic;
						SystemCapabilities = {
							com.apple.Maps.iOS = {
								enabled = 1;
							};
						};
					};
				};
			};
			buildConfigurationList = 33FEC29A1DB62C4200273EA7 /* Build configuration list for PBXProject "Demo UI" */;
			compatibilityVersion = "Xcode 3.2";
			developmentRegion = English;
			hasScannedForEncodings = 0;
			knownRegions = (
				en,
				Base,
			);
			mainGroup = 33FEC2961DB62C4200273EA7;
			productRefGroup = 33FEC2A01DB62C4300273EA7 /* Products */;
			projectDirPath = "";
			projectRoot = "";
			targets = (
				33FEC29E1DB62C4200273EA7 /* Demo UI */,
				33ACDAD81DBA406C00363F26 /* Demo UITests */,
				33ACDAE81DBA459A00363F26 /* Demo UIUITests */,
			);
		};
/* End PBXProject section */

/* Begin PBXResourcesBuildPhase section */
		33ACDAD71DBA406C00363F26 /* Resources */ = {
			isa = PBXResourcesBuildPhase;
			buildActionMask = 2147483647;
			files = (
			);
			runOnlyForDeploymentPostprocessing = 0;
		};
		33ACDAE71DBA459A00363F26 /* Resources */ = {
			isa = PBXResourcesBuildPhase;
			buildActionMask = 2147483647;
			files = (
			);
			runOnlyForDeploymentPostprocessing = 0;
		};
		33FEC29D1DB62C4200273EA7 /* Resources */ = {
			isa = PBXResourcesBuildPhase;
			buildActionMask = 2147483647;
			files = (
				33FEC2AD1DB62C4300273EA7 /* LaunchScreen.storyboard in Resources */,
				33FEC2AA1DB62C4300273EA7 /* Assets.xcassets in Resources */,
				33FEC2A81DB62C4300273EA7 /* Main.storyboard in Resources */,
			);
			runOnlyForDeploymentPostprocessing = 0;
		};
/* End PBXResourcesBuildPhase section */

/* Begin PBXSourcesBuildPhase section */
		33ACDAD51DBA406C00363F26 /* Sources */ = {
			isa = PBXSourcesBuildPhase;
			buildActionMask = 2147483647;
			files = (
				33ACDADC1DBA406D00363F26 /* Demo_UITests.swift in Sources */,
				33ACDAE41DBA411100363F26 /* DirectoryTests.swift in Sources */,
			);
			runOnlyForDeploymentPostprocessing = 0;
		};
		33ACDAE51DBA459A00363F26 /* Sources */ = {
			isa = PBXSourcesBuildPhase;
			buildActionMask = 2147483647;
			files = (
				33ACDAEC1DBA459A00363F26 /* Demo_UIUITests.swift in Sources */,
			);
			runOnlyForDeploymentPostprocessing = 0;
		};
		33FEC29B1DB62C4200273EA7 /* Sources */ = {
			isa = PBXSourcesBuildPhase;
			buildActionMask = 2147483647;
			files = (
				33ACDB201DBA4CCF00363F26 /* CoreDataStack.swift in Sources */,
				33DFEBB71DB7A98B00276650 /* Extensions.swift in Sources */,
				33ACDAD41DBA0ECD00363F26 /* PlaceAnnotation.swift in Sources */,
				33FEC2B51DB65FB200273EA7 /* Place.swift in Sources */,
				33ACDACF1DB9FE6800363F26 /* PlaceDetailsViewController.swift in Sources */,
				33ACDB1B1DBA4BFC00363F26 /* CDCity+CoreDataClass.swift in Sources */,
				33ACDB1D1DBA4BFC00363F26 /* CDPlace+CoreDataClass.swift in Sources */,
				33FEC2A51DB62C4300273EA7 /* ViewController.swift in Sources */,
				33FEC2A31DB62C4300273EA7 /* AppDelegate.swift in Sources */,
				33ACDACD1DB8C2A900363F26 /* Constants.swift in Sources */,
				33ACDB161DBA49F700363F26 /* Model.xcdatamodeld in Sources */,
				33ACDB1C1DBA4BFC00363F26 /* CDCity+CoreDataProperties.swift in Sources */,
				33FEC2BA1DB6628900273EA7 /* Directory.swift in Sources */,
				33ACDB1E1DBA4BFC00363F26 /* CDPlace+CoreDataProperties.swift in Sources */,
				33DFEBB91DB7B0E700276650 /* PlaceTableViewController.swift in Sources */,
			);
			runOnlyForDeploymentPostprocessing = 0;
		};
/* End PBXSourcesBuildPhase section */

/* Begin PBXTargetDependency section */
		33ACDADF1DBA406D00363F26 /* PBXTargetDependency */ = {
			isa = PBXTargetDependency;
			target = 33FEC29E1DB62C4200273EA7 /* Demo UI */;
			targetProxy = 33ACDADE1DBA406D00363F26 /* PBXContainerItemProxy */;
		};
		33ACDAEF1DBA459A00363F26 /* PBXTargetDependency */ = {
			isa = PBXTargetDependency;
			target = 33FEC29E1DB62C4200273EA7 /* Demo UI */;
			targetProxy = 33ACDAEE1DBA459A00363F26 /* PBXContainerItemProxy */;
		};
/* End PBXTargetDependency section */

/* Begin PBXVariantGroup section */
		33FEC2A61DB62C4300273EA7 /* Main.storyboard */ = {
			isa = PBXVariantGroup;
			children = (
				33FEC2A71DB62C4300273EA7 /* Base */,
			);
			name = Main.storyboard;
			sourceTree = "<group>";
		};
		33FEC2AB1DB62C4300273EA7 /* LaunchScreen.storyboard */ = {
			isa = PBXVariantGroup;
			children = (
				33FEC2AC1DB62C4300273EA7 /* Base */,
			);
			name = LaunchScreen.storyboard;
			sourceTree = "<group>";
		};
/* End PBXVariantGroup section */

/* Begin XCBuildConfiguration section */
		33ACDAE01DBA406D00363F26 /* Debug */ = {
			isa = XCBuildConfiguration;
			buildSettings = {
				BUNDLE_LOADER = "$(TEST_HOST)";
				DEVELOPMENT_TEAM = A7SGM6JEMA;
				INFOPLIST_FILE = "Demo UITests/Info.plist";
				LD_RUNPATH_SEARCH_PATHS = "$(inherited) @executable_path/Frameworks @loader_path/Frameworks";
				PRODUCT_BUNDLE_IDENTIFIER = "com.tectec.training.te.Demo-UITests";
				PRODUCT_NAME = "$(TARGET_NAME)";
				SWIFT_VERSION = 3.0;
				TEST_HOST = "$(BUILT_PRODUCTS_DIR)/Demo UI.app/Demo UI";
			};
			name = Debug;
		};
		33ACDAE11DBA406D00363F26 /* Release */ = {
			isa = XCBuildConfiguration;
			buildSettings = {
				BUNDLE_LOADER = "$(TEST_HOST)";
				DEVELOPMENT_TEAM = A7SGM6JEMA;
				INFOPLIST_FILE = "Demo UITests/Info.plist";
				LD_RUNPATH_SEARCH_PATHS = "$(inherited) @executable_path/Frameworks @loader_path/Frameworks";
				PRODUCT_BUNDLE_IDENTIFIER = "com.tectec.training.te.Demo-UITests";
				PRODUCT_NAME = "$(TARGET_NAME)";
				SWIFT_VERSION = 3.0;
				TEST_HOST = "$(BUILT_PRODUCTS_DIR)/Demo UI.app/Demo UI";
			};
			name = Release;
		};
		33ACDAF11DBA459A00363F26 /* Debug */ = {
			isa = XCBuildConfiguration;
			buildSettings = {
				DEVELOPMENT_TEAM = A7SGM6JEMA;
				INFOPLIST_FILE = "Demo UIUITests/Info.plist";
				LD_RUNPATH_SEARCH_PATHS = "$(inherited) @executable_path/Frameworks @loader_path/Frameworks";
				PRODUCT_BUNDLE_IDENTIFIER = "com.tectec.training.te.Demo-UIUITests";
				PRODUCT_NAME = "$(TARGET_NAME)";
				SWIFT_VERSION = 3.0;
				TEST_TARGET_NAME = "Demo UI";
			};
			name = Debug;
		};
		33ACDAF21DBA459A00363F26 /* Release */ = {
			isa = XCBuildConfiguration;
			buildSettings = {
				DEVELOPMENT_TEAM = A7SGM6JEMA;
				INFOPLIST_FILE = "Demo UIUITests/Info.plist";
				LD_RUNPATH_SEARCH_PATHS = "$(inherited) @executable_path/Frameworks @loader_path/Frameworks";
				PRODUCT_BUNDLE_IDENTIFIER = "com.tectec.training.te.Demo-UIUITests";
				PRODUCT_NAME = "$(TARGET_NAME)";
				SWIFT_VERSION = 3.0;
				TEST_TARGET_NAME = "Demo UI";
			};
			name = Release;
		};
		33FEC2AF1DB62C4300273EA7 /* Debug */ = {
			isa = XCBuildConfiguration;
			buildSettings = {
				ALWAYS_SEARCH_USER_PATHS = NO;
				CLANG_ANALYZER_NONNULL = YES;
				CLANG_CXX_LANGUAGE_STANDARD = "gnu++0x";
				CLANG_CXX_LIBRARY = "libc++";
				CLANG_ENABLE_MODULES = YES;
				CLANG_ENABLE_OBJC_ARC = YES;
				CLANG_WARN_BOOL_CONVERSION = YES;
				CLANG_WARN_CONSTANT_CONVERSION = YES;
				CLANG_WARN_DIRECT_OBJC_ISA_USAGE = YES_ERROR;
				CLANG_WARN_DOCUMENTATION_COMMENTS = YES;
				CLANG_WARN_EMPTY_BODY = YES;
				CLANG_WARN_ENUM_CONVERSION = YES;
				CLANG_WARN_INFINITE_RECURSION = YES;
				CLANG_WARN_INT_CONVERSION = YES;
				CLANG_WARN_OBJC_ROOT_CLASS = YES_ERROR;
				CLANG_WARN_SUSPICIOUS_MOVES = YES;
				CLANG_WARN_UNREACHABLE_CODE = YES;
				CLANG_WARN__DUPLICATE_METHOD_MATCH = YES;
				"CODE_SIGN_IDENTITY[sdk=iphoneos*]" = "iPhone Developer";
				COPY_PHASE_STRIP = NO;
				DEBUG_INFORMATION_FORMAT = dwarf;
				ENABLE_STRICT_OBJC_MSGSEND = YES;
				ENABLE_TESTABILITY = YES;
				GCC_C_LANGUAGE_STANDARD = gnu99;
				GCC_DYNAMIC_NO_PIC = NO;
				GCC_NO_COMMON_BLOCKS = YES;
				GCC_OPTIMIZATION_LEVEL = 0;
				GCC_PREPROCESSOR_DEFINITIONS = (
					"DEBUG=1",
					"$(inherited)",
				);
				GCC_WARN_64_TO_32_BIT_CONVERSION = YES;
				GCC_WARN_ABOUT_RETURN_TYPE = YES_ERROR;
				GCC_WARN_UNDECLARED_SELECTOR = YES;
				GCC_WARN_UNINITIALIZED_AUTOS = YES_AGGRESSIVE;
				GCC_WARN_UNUSED_FUNCTION = YES;
				GCC_WARN_UNUSED_VARIABLE = YES;
				IPHONEOS_DEPLOYMENT_TARGET = 10.0;
				MTL_ENABLE_DEBUG_INFO = YES;
				ONLY_ACTIVE_ARCH = YES;
				SDKROOT = iphoneos;
				SWIFT_ACTIVE_COMPILATION_CONDITIONS = DEBUG;
				SWIFT_OPTIMIZATION_LEVEL = "-Onone";
				TARGETED_DEVICE_FAMILY = "1,2";
			};
			name = Debug;
		};
		33FEC2B01DB62C4300273EA7 /* Release */ = {
			isa = XCBuildConfiguration;
			buildSettings = {
				ALWAYS_SEARCH_USER_PATHS = NO;
				CLANG_ANALYZER_NONNULL = YES;
				CLANG_CXX_LANGUAGE_STANDARD = "gnu++0x";
				CLANG_CXX_LIBRARY = "libc++";
				CLANG_ENABLE_MODULES = YES;
				CLANG_ENABLE_OBJC_ARC = YES;
				CLANG_WARN_BOOL_CONVERSION = YES;
				CLANG_WARN_CONSTANT_CONVERSION = YES;
				CLANG_WARN_DIRECT_OBJC_ISA_USAGE = YES_ERROR;
				CLANG_WARN_DOCUMENTATION_COMMENTS = YES;
				CLANG_WARN_EMPTY_BODY = YES;
				CLANG_WARN_ENUM_CONVERSION = YES;
				CLANG_WARN_INFINITE_RECURSION = YES;
				CLANG_WARN_INT_CONVERSION = YES;
				CLANG_WARN_OBJC_ROOT_CLASS = YES_ERROR;
				CLANG_WARN_SUSPICIOUS_MOVES = YES;
				CLANG_WARN_UNREACHABLE_CODE = YES;
				CLANG_WARN__DUPLICATE_METHOD_MATCH = YES;
				"CODE_SIGN_IDENTITY[sdk=iphoneos*]" = "iPhone Developer";
				COPY_PHASE_STRIP = NO;
				DEBUG_INFORMATION_FORMAT = "dwarf-with-dsym";
				ENABLE_NS_ASSERTIONS = NO;
				ENABLE_STRICT_OBJC_MSGSEND = YES;
				GCC_C_LANGUAGE_STANDARD = gnu99;
				GCC_NO_COMMON_BLOCKS = YES;
				GCC_WARN_64_TO_32_BIT_CONVERSION = YES;
				GCC_WARN_ABOUT_RETURN_TYPE = YES_ERROR;
				GCC_WARN_UNDECLARED_SELECTOR = YES;
				GCC_WARN_UNINITIALIZED_AUTOS = YES_AGGRESSIVE;
				GCC_WARN_UNUSED_FUNCTION = YES;
				GCC_WARN_UNUSED_VARIABLE = YES;
				IPHONEOS_DEPLOYMENT_TARGET = 10.0;
				MTL_ENABLE_DEBUG_INFO = NO;
				SDKROOT = iphoneos;
				SWIFT_OPTIMIZATION_LEVEL = "-Owholemodule";
				TARGETED_DEVICE_FAMILY = "1,2";
				VALIDATE_PRODUCT = YES;
			};
			name = Release;
		};
		33FEC2B21DB62C4300273EA7 /* Debug */ = {
			isa = XCBuildConfiguration;
			buildSettings = {
				ASSETCATALOG_COMPILER_APPICON_NAME = AppIcon;
				DEVELOPMENT_TEAM = A7SGM6JEMA;
				INFOPLIST_FILE = "Demo UI/Info.plist";
				LD_RUNPATH_SEARCH_PATHS = "$(inherited) @executable_path/Frameworks";
				PRODUCT_BUNDLE_IDENTIFIER = "com.tectec.training.te.Demo-UI";
				PRODUCT_NAME = "$(TARGET_NAME)";
				SWIFT_VERSION = 3.0;
			};
			name = Debug;
		};
		33FEC2B31DB62C4300273EA7 /* Release */ = {
			isa = XCBuildConfiguration;
			buildSettings = {
				ASSETCATALOG_COMPILER_APPICON_NAME = AppIcon;
				DEVELOPMENT_TEAM = A7SGM6JEMA;
				INFOPLIST_FILE = "Demo UI/Info.plist";
				LD_RUNPATH_SEARCH_PATHS = "$(inherited) @executable_path/Frameworks";
				PRODUCT_BUNDLE_IDENTIFIER = "com.tectec.training.te.Demo-UI";
				PRODUCT_NAME = "$(TARGET_NAME)";
				SWIFT_VERSION = 3.0;
			};
			name = Release;
		};
/* End XCBuildConfiguration section */

/* Begin XCConfigurationList section */
		33ACDAE21DBA406D00363F26 /* Build configuration list for PBXNativeTarget "Demo UITests" */ = {
			isa = XCConfigurationList;
			buildConfigurations = (
				33ACDAE01DBA406D00363F26 /* Debug */,
				33ACDAE11DBA406D00363F26 /* Release */,
			);
			defaultConfigurationIsVisible = 0;
		};
		33ACDAF01DBA459A00363F26 /* Build configuration list for PBXNativeTarget "Demo UIUITests" */ = {
			isa = XCConfigurationList;
			buildConfigurations = (
				33ACDAF11DBA459A00363F26 /* Debug */,
				33ACDAF21DBA459A00363F26 /* Release */,
			);
			defaultConfigurationIsVisible = 0;
		};
		33FEC29A1DB62C4200273EA7 /* Build configuration list for PBXProject "Demo UI" */ = {
			isa = XCConfigurationList;
			buildConfigurations = (
				33FEC2AF1DB62C4300273EA7 /* Debug */,
				33FEC2B01DB62C4300273EA7 /* Release */,
			);
			defaultConfigurationIsVisible = 0;
			defaultConfigurationName = Release;
		};
		33FEC2B11DB62C4300273EA7 /* Build configuration list for PBXNativeTarget "Demo UI" */ = {
			isa = XCConfigurationList;
			buildConfigurations = (
				33FEC2B21DB62C4300273EA7 /* Debug */,
				33FEC2B31DB62C4300273EA7 /* Release */,
			);
			defaultConfigurationIsVisible = 0;
			defaultConfigurationName = Release;
		};
/* End XCConfigurationList section */

/* Begin XCVersionGroup section */
		33ACDB141DBA49F700363F26 /* Model.xcdatamodeld */ = {
			isa = XCVersionGroup;
			children = (
				33ACDB151DBA49F700363F26 /* Model.xcdatamodel */,
			);
			currentVersion = 33ACDB151DBA49F700363F26 /* Model.xcdatamodel */;
			path = Model.xcdatamodeld;
			sourceTree = "<group>";
			versionGroupType = wrapper.xcdatamodel;
		};
/* End XCVersionGroup section */
	};
	rootObject = 33FEC2971DB62C4200273EA7 /* Project object */;
}
